
Microsoft Visual Studio Solution File, Format Version 12.00
# Visual Studio 15
VisualStudioVersion = 15.0.26430.16
MinimumVisualStudioVersion = 10.0.40219.1
Project("{FAE04EC0-301F-11D3-BF4B-00C04F79EFBC}") = "Calculator1", "Calculator1\Calculator1.csproj", "{0A3491D0-7C1C-4BC7-B1F4-9F786AE26D6F}"
EndProject
Project("{FAE04EC0-301F-11D3-BF4B-00C04F79EFBC}") = "calculator2", "calculator2\calculator2.csproj", "{4272A4F8-D388-4051-BD57-9F5459F908A8}"
EndProject
Global
	GlobalSection(SolutionConfigurationPlatforms) = preSolution
		Debug|Any CPU = Debug|Any CPU
		Release|Any CPU = Release|Any CPU
	EndGlobalSection
	GlobalSection(ProjectConfigurationPlatforms) = postSolution
		{0A3491D0-7C1C-4BC7-B1F4-9F786AE26D6F}.Debug|Any CPU.ActiveCfg = Debug|Any CPU
		{0A3491D0-7C1C-4BC7-B1F4-9F786AE26D6F}.Debug|Any CPU.Build.0 = Debug|Any CPU
		{0A3491D0-7C1C-4BC7-B1F4-9F786AE26D6F}.Release|Any CPU.ActiveCfg = Release|Any CPU
		{0A3491D0-7C1C-4BC7-B1F4-9F786AE26D6F}.Release|Any CPU.Build.0 = Release|Any CPU
		{4272A4F8-D388-4051-BD57-9F5459F908A8}.Debug|Any CPU.ActiveCfg = Debug|Any CPU
		{4272A4F8-D388-4051-BD57-9F5459F908A8}.Debug|Any CPU.Build.0 = Debug|Any CPU
		{4272A4F8-D388-4051-BD57-9F5459F908A8}.Release|Any CPU.ActiveCfg = Release|Any CPU
		{4272A4F8-D388-4051-BD57-9F5459F908A8}.Release|Any CPU.Build.0 = Release|Any CPU
	EndGlobalSection
	GlobalSection(SolutionProperties) = preSolution
		HideSolutionNode = FALSE
	EndGlobalSection
EndGlobal
